
Microsoft Visual Studio Solution File, Format Version 12.00
# Visual Studio Version 16
VisualStudioVersion = 16.0.31019.35
MinimumVisualStudioVersion = 10.0.40219.1
Project("{FAE04EC0-301F-11D3-BF4B-00C04F79EFBC}") = "Clinical_Trial_with_Audit", "Clinical_Trial_with_Audit\Clinical_Trial_with_Audit.csproj", "{B03D8FB9-8080-44BC-AD6A-7BBB8305805A}"
EndProject
Global
	GlobalSection(SolutionConfigurationPlatforms) = preSolution
		Debug|Any CPU = Debug|Any CPU
		Release|Any CPU = Release|Any CPU
	EndGlobalSection
	GlobalSection(ProjectConfigurationPlatforms) = postSolution
		{B03D8FB9-8080-44BC-AD6A-7BBB8305805A}.Debug|Any CPU.ActiveCfg = Debug|Any CPU
		{B03D8FB9-8080-44BC-AD6A-7BBB8305805A}.Debug|Any CPU.Build.0 = Debug|Any CPU
		{B03D8FB9-8080-44BC-AD6A-7BBB8305805A}.Release|Any CPU.ActiveCfg = Release|Any CPU
		{B03D8FB9-8080-44BC-AD6A-7BBB8305805A}.Release|Any CPU.Build.0 = Release|Any CPU
	EndGlobalSection
	GlobalSection(SolutionProperties) = preSolution
		HideSolutionNode = FALSE
	EndGlobalSection
	GlobalSection(ExtensibilityGlobals) = postSolution
		SolutionGuid = {B28EDFAC-0063-482F-875E-E3D3185D7320}
	EndGlobalSection
EndGlobal
